
Microsoft Visual Studio Solution File, Format Version 12.00
# Visual Studio 15
VisualStudioVersion = 15.0.27703.2026
MinimumVisualStudioVersion = 10.0.40219.1
Project("{9A19103F-16F7-4668-BE54-9A1E7A4F7556}") = "MessageStream", "MessageStream\MessageStream.csproj", "{89C3DB0C-3F82-4331-86E0-0A0190BA0766}"
EndProject
Project("{9A19103F-16F7-4668-BE54-9A1E7A4F7556}") = "MessageStream.Tests", "MessageStream.Tests\MessageStream.Tests.csproj", "{D44FBCD0-FCDB-400B-83F4-8E9B8254A0EE}"
EndProject
Project("{9A19103F-16F7-4668-BE54-9A1E7A4F7556}") = "MessageStream.Benchmark", "MessageStream.Benchmark\MessageStream.Benchmark.csproj", "{A9753BE3-CC0F-4C58-8450-72DBDC4A5408}"
EndProject
Project("{9A19103F-16F7-4668-BE54-9A1E7A4F7556}") = "MessageStream.ProtoBuf", "MessageStream.Protobuf\MessageStream.ProtoBuf.csproj", "{97FDD3F7-95C8-4FAD-AA70-4847E6985555}"
EndProject
Project("{9A19103F-16F7-4668-BE54-9A1E7A4F7556}") = "MessageStream.Sockets", "MessageStream.Sockets\MessageStream.Sockets.csproj", "{D2864BB7-D258-4DF5-ADBA-84B16F45063D}"
EndProject
Project("{2150E333-8FDC-42A3-9474-1A3956D46DE8}") = "Sockets", "Sockets", "{1E8E2833-5E75-467B-ABDE-A89F046BAEE3}"
EndProject
Project("{9A19103F-16F7-4668-BE54-9A1E7A4F7556}") = "MessageStream.Sockets.Tests", "MessageStream.Sockets.Tests\MessageStream.Sockets.Tests.csproj", "{E9CB9110-58EF-4390-BE2A-65770FB056B0}"
EndProject
Project("{9A19103F-16F7-4668-BE54-9A1E7A4F7556}") = "MessageStream.Sockets.Sandbox", "MessageStream.Sockets.Sandbox\MessageStream.Sockets.Sandbox.csproj", "{5F84D879-6076-4A5D-9956-A09B649BB5DA}"
EndProject
Project("{9A19103F-16F7-4668-BE54-9A1E7A4F7556}") = "MessageStream.Sockets.Server", "MessageStream.Sockets.Server\MessageStream.Sockets.Server.csproj", "{E5430E15-DCD3-49A6-8194-B33DEE1CE4A2}"
EndProject
Project("{9A19103F-16F7-4668-BE54-9A1E7A4F7556}") = "MessageStream.Sockets.Sandbox.Client", "MessageStream.Sockets.Sandbox.Client\MessageStream.Sockets.Sandbox.Client.csproj", "{00BDC443-40B2-4B3D-B344-D3B067E3202A}"
EndProject
Global
	GlobalSection(Performance) = preSolution
		HasPerformanceSessions = true
	EndGlobalSection
	GlobalSection(SolutionConfigurationPlatforms) = preSolution
		Debug|Any CPU = Debug|Any CPU
		Release|Any CPU = Release|Any CPU
	EndGlobalSection
	GlobalSection(ProjectConfigurationPlatforms) = postSolution
		{89C3DB0C-3F82-4331-86E0-0A0190BA0766}.Debug|Any CPU.ActiveCfg = Debug|Any CPU
		{89C3DB0C-3F82-4331-86E0-0A0190BA0766}.Debug|Any CPU.Build.0 = Debug|Any CPU
		{89C3DB0C-3F82-4331-86E0-0A0190BA0766}.Release|Any CPU.ActiveCfg = Release|Any CPU
		{89C3DB0C-3F82-4331-86E0-0A0190BA0766}.Release|Any CPU.Build.0 = Release|Any CPU
		{D44FBCD0-FCDB-400B-83F4-8E9B8254A0EE}.Debug|Any CPU.ActiveCfg = Debug|Any CPU
		{D44FBCD0-FCDB-400B-83F4-8E9B8254A0EE}.Debug|Any CPU.Build.0 = Debug|Any CPU
		{D44FBCD0-FCDB-400B-83F4-8E9B8254A0EE}.Release|Any CPU.ActiveCfg = Release|Any CPU
		{D44FBCD0-FCDB-400B-83F4-8E9B8254A0EE}.Release|Any CPU.Build.0 = Release|Any CPU
		{A9753BE3-CC0F-4C58-8450-72DBDC4A5408}.Debug|Any CPU.ActiveCfg = Debug|Any CPU
		{A9753BE3-CC0F-4C58-8450-72DBDC4A5408}.Debug|Any CPU.Build.0 = Debug|Any CPU
		{A9753BE3-CC0F-4C58-8450-72DBDC4A5408}.Release|Any CPU.ActiveCfg = Release|Any CPU
		{A9753BE3-CC0F-4C58-8450-72DBDC4A5408}.Release|Any CPU.Build.0 = Release|Any CPU
		{97FDD3F7-95C8-4FAD-AA70-4847E6985555}.Debug|Any CPU.ActiveCfg = Debug|Any CPU
		{97FDD3F7-95C8-4FAD-AA70-4847E6985555}.Debug|Any CPU.Build.0 = Debug|Any CPU
		{97FDD3F7-95C8-4FAD-AA70-4847E6985555}.Release|Any CPU.ActiveCfg = Release|Any CPU
		{97FDD3F7-95C8-4FAD-AA70-4847E6985555}.Release|Any CPU.Build.0 = Release|Any CPU
		{D2864BB7-D258-4DF5-ADBA-84B16F45063D}.Debug|Any CPU.ActiveCfg = Debug|Any CPU
		{D2864BB7-D258-4DF5-ADBA-84B16F45063D}.Debug|Any CPU.Build.0 = Debug|Any CPU
		{D2864BB7-D258-4DF5-ADBA-84B16F45063D}.Release|Any CPU.ActiveCfg = Release|Any CPU
		{D2864BB7-D258-4DF5-ADBA-84B16F45063D}.Release|Any CPU.Build.0 = Release|Any CPU
		{E9CB9110-58EF-4390-BE2A-65770FB056B0}.Debug|Any CPU.ActiveCfg = Debug|Any CPU
		{E9CB9110-58EF-4390-BE2A-65770FB056B0}.Debug|Any CPU.Build.0 = Debug|Any CPU
		{E9CB9110-58EF-4390-BE2A-65770FB056B0}.Release|Any CPU.ActiveCfg = Release|Any CPU
		{E9CB9110-58EF-4390-BE2A-65770FB056B0}.Release|Any CPU.Build.0 = Release|Any CPU
		{5F84D879-6076-4A5D-9956-A09B649BB5DA}.Debug|Any CPU.ActiveCfg = Debug|Any CPU
		{5F84D879-6076-4A5D-9956-A09B649BB5DA}.Debug|Any CPU.Build.0 = Debug|Any CPU
		{5F84D879-6076-4A5D-9956-A09B649BB5DA}.Release|Any CPU.ActiveCfg = Release|Any CPU
		{5F84D879-6076-4A5D-9956-A09B649BB5DA}.Release|Any CPU.Build.0 = Release|Any CPU
		{E5430E15-DCD3-49A6-8194-B33DEE1CE4A2}.Debug|Any CPU.ActiveCfg = Debug|Any CPU
		{E5430E15-DCD3-49A6-8194-B33DEE1CE4A2}.Debug|Any CPU.Build.0 = Debug|Any CPU
		{E5430E15-DCD3-49A6-8194-B33DEE1CE4A2}.Release|Any CPU.ActiveCfg = Release|Any CPU
		{E5430E15-DCD3-49A6-8194-B33DEE1CE4A2}.Release|Any CPU.Build.0 = Release|Any CPU
		{00BDC443-40B2-4B3D-B344-D3B067E3202A}.Debug|Any CPU.ActiveCfg = Debug|Any CPU
		{00BDC443-40B2-4B3D-B344-D3B067E3202A}.Debug|Any CPU.Build.0 = Debug|Any CPU
		{00BDC443-40B2-4B3D-B344-D3B067E3202A}.Release|Any CPU.ActiveCfg = Release|Any CPU
		{00BDC443-40B2-4B3D-B344-D3B067E3202A}.Release|Any CPU.Build.0 = Release|Any CPU
	EndGlobalSection
	GlobalSection(SolutionProperties) = preSolution
		HideSolutionNode = FALSE
	EndGlobalSection
	GlobalSection(NestedProjects) = preSolution
		{D2864BB7-D258-4DF5-ADBA-84B16F45063D} = {1E8E2833-5E75-467B-ABDE-A89F046BAEE3}
		{E9CB9110-58EF-4390-BE2A-65770FB056B0} = {1E8E2833-5E75-467B-ABDE-A89F046BAEE3}
		{5F84D879-6076-4A5D-9956-A09B649BB5DA} = {1E8E2833-5E75-467B-ABDE-A89F046BAEE3}
		{E5430E15-DCD3-49A6-8194-B33DEE1CE4A2} = {1E8E2833-5E75-467B-ABDE-A89F046BAEE3}
		{00BDC443-40B2-4B3D-B344-D3B067E3202A} = {1E8E2833-5E75-467B-ABDE-A89F046BAEE3}
	EndGlobalSection
	GlobalSection(ExtensibilityGlobals) = postSolution
		SolutionGuid = {2D62667A-80DB-41A7-9E15-CEE0EC0EDAAA}
	EndGlobalSection
	GlobalSection(Performance) = preSolution
		HasPerformanceSessions = true
	EndGlobalSection
	GlobalSection(Performance) = preSolution
		HasPerformanceSessions = true
	EndGlobalSection
	GlobalSection(Performance) = preSolution
		HasPerformanceSessions = true
	EndGlobalSection
	GlobalSection(Performance) = preSolution
		HasPerformanceSessions = true
	EndGlobalSection
	GlobalSection(Performance) = preSolution
		HasPerformanceSessions = true
	EndGlobalSection
	GlobalSection(Performance) = preSolution
		HasPerformanceSessions = true
	EndGlobalSection
EndGlobal
